
Microsoft Visual Studio Solution File, Format Version 12.00
# Visual Studio Version 17
VisualStudioVersion = 17.9.34728.123
MinimumVisualStudioVersion = 10.0.40219.1
Project("{FAE04EC0-301F-11D3-BF4B-00C04F79EFBC}") = "BackEndProject", "BackEndProject\BackEndProject.csproj", "{25FEF251-9059-4F45-9E5B-AAE25AD614BF}"
EndProject
Project("{2150E333-8FDC-42A3-9474-1A3956D46DE8}") = "Models", "Models", "{D283266A-E0B3-4FB7-AEC0-2FD071ECB091}"
EndProject
Project("{FAE04EC0-301F-11D3-BF4B-00C04F79EFBC}") = "Models", "Models\Models.csproj", "{96203FCF-D5BF-4A9D-8B77-8067C078CE0F}"
EndProject
Project("{2150E333-8FDC-42A3-9474-1A3956D46DE8}") = "Business", "Business", "{AA568032-4F05-49A4-8015-ED204445DFFF}"
EndProject
Project("{2150E333-8FDC-42A3-9474-1A3956D46DE8}") = "Dtos", "Dtos", "{0794AF8D-FF19-4C28-B4D9-62510CD3BD90}"
EndProject
Project("{2150E333-8FDC-42A3-9474-1A3956D46DE8}") = "Interfaces", "Interfaces", "{90319174-B1BF-46A8-A2A5-712F04DAD0DF}"
EndProject
Project("{2150E333-8FDC-42A3-9474-1A3956D46DE8}") = "Repositories", "Repositories", "{B1A03C31-55A6-4BA7-BC5A-DA03B053E5C1}"
EndProject
Project("{2150E333-8FDC-42A3-9474-1A3956D46DE8}") = "Services", "Services", "{B0746413-361E-4066-846E-16E12C41471B}"
EndProject
Project("{FAE04EC0-301F-11D3-BF4B-00C04F79EFBC}") = "Dtos", "Dtos\Dtos.csproj", "{5C9A2B80-F3C9-4C6B-8254-8A85761B7CBB}"
EndProject
Project("{FAE04EC0-301F-11D3-BF4B-00C04F79EFBC}") = "Interfaces", "Interfaces\Interfaces.csproj", "{27B3D519-36FF-47C4-9133-094ECAC6A18C}"
EndProject
Project("{FAE04EC0-301F-11D3-BF4B-00C04F79EFBC}") = "Repositories", "Repositories\Repositories.csproj", "{3CA26793-E2E4-4AD6-A452-F0202B4C5460}"
EndProject
Project("{FAE04EC0-301F-11D3-BF4B-00C04F79EFBC}") = "Services", "Services\Services.csproj", "{D852470A-174A-46C7-AE24-34B39C3AA73F}"
EndProject
Project("{2150E333-8FDC-42A3-9474-1A3956D46DE8}") = "Contexts", "Contexts", "{5FDB2E06-91F9-49EC-B5BB-130958BA6D30}"
EndProject
Project("{FAE04EC0-301F-11D3-BF4B-00C04F79EFBC}") = "Contexts", "Contexts\Contexts.csproj", "{CB81A9E8-5C1B-48D8-92E5-A0233BE9FFA3}"
EndProject
Project("{2150E333-8FDC-42A3-9474-1A3956D46DE8}") = "Middlewares", "Middlewares", "{20BDFEC9-2D56-42F5-A9DC-0A730384A42B}"
EndProject
Project("{FAE04EC0-301F-11D3-BF4B-00C04F79EFBC}") = "Middlewares", "Middlewares\Middlewares.csproj", "{A816437A-1ED5-4E6B-8C6E-3E1736DE5C78}"
EndProject
Project("{2150E333-8FDC-42A3-9474-1A3956D46DE8}") = "Helpers", "Helpers", "{39BC468B-689A-4A7E-8BA6-5781A9E64753}"
EndProject
Project("{FAE04EC0-301F-11D3-BF4B-00C04F79EFBC}") = "Helpers", "Helpers\Helpers.csproj", "{1D0D5AD8-506F-462E-8CF2-49036978402C}"
EndProject
Global
	GlobalSection(SolutionConfigurationPlatforms) = preSolution
		Debug|Any CPU = Debug|Any CPU
		Release|Any CPU = Release|Any CPU
	EndGlobalSection
	GlobalSection(ProjectConfigurationPlatforms) = postSolution
		{25FEF251-9059-4F45-9E5B-AAE25AD614BF}.Debug|Any CPU.ActiveCfg = Debug|Any CPU
		{25FEF251-9059-4F45-9E5B-AAE25AD614BF}.Debug|Any CPU.Build.0 = Debug|Any CPU
		{25FEF251-9059-4F45-9E5B-AAE25AD614BF}.Release|Any CPU.ActiveCfg = Release|Any CPU
		{25FEF251-9059-4F45-9E5B-AAE25AD614BF}.Release|Any CPU.Build.0 = Release|Any CPU
		{96203FCF-D5BF-4A9D-8B77-8067C078CE0F}.Debug|Any CPU.ActiveCfg = Debug|Any CPU
		{96203FCF-D5BF-4A9D-8B77-8067C078CE0F}.Debug|Any CPU.Build.0 = Debug|Any CPU
		{96203FCF-D5BF-4A9D-8B77-8067C078CE0F}.Release|Any CPU.ActiveCfg = Release|Any CPU
		{96203FCF-D5BF-4A9D-8B77-8067C078CE0F}.Release|Any CPU.Build.0 = Release|Any CPU
		{5C9A2B80-F3C9-4C6B-8254-8A85761B7CBB}.Debug|Any CPU.ActiveCfg = Debug|Any CPU
		{5C9A2B80-F3C9-4C6B-8254-8A85761B7CBB}.Debug|Any CPU.Build.0 = Debug|Any CPU
		{5C9A2B80-F3C9-4C6B-8254-8A85761B7CBB}.Release|Any CPU.ActiveCfg = Release|Any CPU
		{5C9A2B80-F3C9-4C6B-8254-8A85761B7CBB}.Release|Any CPU.Build.0 = Release|Any CPU
		{27B3D519-36FF-47C4-9133-094ECAC6A18C}.Debug|Any CPU.ActiveCfg = Debug|Any CPU
		{27B3D519-36FF-47C4-9133-094ECAC6A18C}.Debug|Any CPU.Build.0 = Debug|Any CPU
		{27B3D519-36FF-47C4-9133-094ECAC6A18C}.Release|Any CPU.ActiveCfg = Release|Any CPU
		{27B3D519-36FF-47C4-9133-094ECAC6A18C}.Release|Any CPU.Build.0 = Release|Any CPU
		{3CA26793-E2E4-4AD6-A452-F0202B4C5460}.Debug|Any CPU.ActiveCfg = Debug|Any CPU
		{3CA26793-E2E4-4AD6-A452-F0202B4C5460}.Debug|Any CPU.Build.0 = Debug|Any CPU
		{3CA26793-E2E4-4AD6-A452-F0202B4C5460}.Release|Any CPU.ActiveCfg = Release|Any CPU
		{3CA26793-E2E4-4AD6-A452-F0202B4C5460}.Release|Any CPU.Build.0 = Release|Any CPU
		{D852470A-174A-46C7-AE24-34B39C3AA73F}.Debug|Any CPU.ActiveCfg = Debug|Any CPU
		{D852470A-174A-46C7-AE24-34B39C3AA73F}.Debug|Any CPU.Build.0 = Debug|Any CPU
		{D852470A-174A-46C7-AE24-34B39C3AA73F}.Release|Any CPU.ActiveCfg = Release|Any CPU
		{D852470A-174A-46C7-AE24-34B39C3AA73F}.Release|Any CPU.Build.0 = Release|Any CPU
		{CB81A9E8-5C1B-48D8-92E5-A0233BE9FFA3}.Debug|Any CPU.ActiveCfg = Debug|Any CPU
		{CB81A9E8-5C1B-48D8-92E5-A0233BE9FFA3}.Debug|Any CPU.Build.0 = Debug|Any CPU
		{CB81A9E8-5C1B-48D8-92E5-A0233BE9FFA3}.Release|Any CPU.ActiveCfg = Release|Any CPU
		{CB81A9E8-5C1B-48D8-92E5-A0233BE9FFA3}.Release|Any CPU.Build.0 = Release|Any CPU
		{A816437A-1ED5-4E6B-8C6E-3E1736DE5C78}.Debug|Any CPU.ActiveCfg = Debug|Any CPU
		{A816437A-1ED5-4E6B-8C6E-3E1736DE5C78}.Debug|Any CPU.Build.0 = Debug|Any CPU
		{A816437A-1ED5-4E6B-8C6E-3E1736DE5C78}.Release|Any CPU.ActiveCfg = Release|Any CPU
		{A816437A-1ED5-4E6B-8C6E-3E1736DE5C78}.Release|Any CPU.Build.0 = Release|Any CPU
		{1D0D5AD8-506F-462E-8CF2-49036978402C}.Debug|Any CPU.ActiveCfg = Debug|Any CPU
		{1D0D5AD8-506F-462E-8CF2-49036978402C}.Debug|Any CPU.Build.0 = Debug|Any CPU
		{1D0D5AD8-506F-462E-8CF2-49036978402C}.Release|Any CPU.ActiveCfg = Release|Any CPU
		{1D0D5AD8-506F-462E-8CF2-49036978402C}.Release|Any CPU.Build.0 = Release|Any CPU
	EndGlobalSection
	GlobalSection(SolutionProperties) = preSolution
		HideSolutionNode = FALSE
	EndGlobalSection
	GlobalSection(ExtensibilityGlobals) = postSolution
		SolutionGuid = {8A28162F-F165-4D17-91BE-364901999022}
	EndGlobalSection
	GlobalSection(NestedProjects) = preSolution
		{96203FCF-D5BF-4A9D-8B77-8067C078CE0F} = {D283266A-E0B3-4FB7-AEC0-2FD071ECB091}
		{0794AF8D-FF19-4C28-B4D9-62510CD3BD90} = {AA568032-4F05-49A4-8015-ED204445DFFF}
		{90319174-B1BF-46A8-A2A5-712F04DAD0DF} = {AA568032-4F05-49A4-8015-ED204445DFFF}
		{B1A03C31-55A6-4BA7-BC5A-DA03B053E5C1} = {AA568032-4F05-49A4-8015-ED204445DFFF}
		{B0746413-361E-4066-846E-16E12C41471B} = {AA568032-4F05-49A4-8015-ED204445DFFF}
		{5C9A2B80-F3C9-4C6B-8254-8A85761B7CBB} = {0794AF8D-FF19-4C28-B4D9-62510CD3BD90}
		{27B3D519-36FF-47C4-9133-094ECAC6A18C} = {90319174-B1BF-46A8-A2A5-712F04DAD0DF}
		{3CA26793-E2E4-4AD6-A452-F0202B4C5460} = {B1A03C31-55A6-4BA7-BC5A-DA03B053E5C1}
		{D852470A-174A-46C7-AE24-34B39C3AA73F} = {B0746413-361E-4066-846E-16E12C41471B}
		{CB81A9E8-5C1B-48D8-92E5-A0233BE9FFA3} = {5FDB2E06-91F9-49EC-B5BB-130958BA6D30}
		{A816437A-1ED5-4E6B-8C6E-3E1736DE5C78} = {20BDFEC9-2D56-42F5-A9DC-0A730384A42B}
		{1D0D5AD8-506F-462E-8CF2-49036978402C} = {39BC468B-689A-4A7E-8BA6-5781A9E64753}
	EndGlobalSection
EndGlobal
